
Microsoft Visual Studio Solution File, Format Version 11.00
# Visual Studio 2010
Project("{FAE04EC0-301F-11D3-BF4B-00C04F79EFBC}") = "Assembly-CSharp", "Assembly-CSharp.csproj", "{8C626047-67B8-8AEB-5A33-D3863ECA9362}"
EndProject
Project("{FAE04EC0-301F-11D3-BF4B-00C04F79EFBC}") = "Assembly-CSharp-Editor", "Assembly-CSharp-Editor.csproj", "{C429787F-0CE4-2E68-743E-0CD5DE205297}"
EndProject
Global
	GlobalSection(SolutionConfigurationPlatforms) = preSolution
		Debug|Any CPU = Debug|Any CPU
		Release|Any CPU = Release|Any CPU
	EndGlobalSection
	GlobalSection(ProjectConfigurationPlatforms) = postSolution
		{8C626047-67B8-8AEB-5A33-D3863ECA9362}.Debug|Any CPU.ActiveCfg = Debug|Any CPU
		{8C626047-67B8-8AEB-5A33-D3863ECA9362}.Debug|Any CPU.Build.0 = Debug|Any CPU
		{8C626047-67B8-8AEB-5A33-D3863ECA9362}.Release|Any CPU.ActiveCfg = Release|Any CPU
		{8C626047-67B8-8AEB-5A33-D3863ECA9362}.Release|Any CPU.Build.0 = Release|Any CPU
		{C429787F-0CE4-2E68-743E-0CD5DE205297}.Debug|Any CPU.ActiveCfg = Debug|Any CPU
		{C429787F-0CE4-2E68-743E-0CD5DE205297}.Debug|Any CPU.Build.0 = Debug|Any CPU
		{C429787F-0CE4-2E68-743E-0CD5DE205297}.Release|Any CPU.ActiveCfg = Release|Any CPU
		{C429787F-0CE4-2E68-743E-0CD5DE205297}.Release|Any CPU.Build.0 = Release|Any CPU
	EndGlobalSection
	GlobalSection(SolutionProperties) = preSolution
		HideSolutionNode = FALSE
	EndGlobalSection
EndGlobal
